
Microsoft Visual Studio Solution File, Format Version 12.00
# Visual Studio 14
VisualStudioVersion = 14.0.25420.1
MinimumVisualStudioVersion = 10.0.40219.1
Project("{FAE04EC0-301F-11D3-BF4B-00C04F79EFBC}") = "Maintain Product Project 18-2", "Maintain Product Project 18-2\Maintain Product Project 18-2.csproj", "{7621CD87-4D69-4EA1-85DE-9384FD0C545B}"
EndProject
Global
	GlobalSection(SolutionConfigurationPlatforms) = preSolution
		Debug|Any CPU = Debug|Any CPU
		Release|Any CPU = Release|Any CPU
	EndGlobalSection
	GlobalSection(ProjectConfigurationPlatforms) = postSolution
		{7621CD87-4D69-4EA1-85DE-9384FD0C545B}.Debug|Any CPU.ActiveCfg = Debug|Any CPU
		{7621CD87-4D69-4EA1-85DE-9384FD0C545B}.Debug|Any CPU.Build.0 = Debug|Any CPU
		{7621CD87-4D69-4EA1-85DE-9384FD0C545B}.Release|Any CPU.ActiveCfg = Release|Any CPU
		{7621CD87-4D69-4EA1-85DE-9384FD0C545B}.Release|Any CPU.Build.0 = Release|Any CPU
	EndGlobalSection
	GlobalSection(SolutionProperties) = preSolution
		HideSolutionNode = FALSE
	EndGlobalSection
EndGlobal
